// !$*UTF8*$!
{
	archiveVersion = 1;
	classes = {
	};
	objectVersion = 46;
	objects = {

/* Begin PBXBuildFile section */
		F6AB63AC1AAC49360049A371 /* main.m in Sources */ = {isa = PBXBuildFile; fileRef = F6AB63AB1AAC49360049A371 /* main.m */; };
		F6AB63AF1AAC49360049A371 /* AppDelegate.m in Sources */ = {isa = PBXBuildFile; fileRef = F6AB63AE1AAC49360049A371 /* AppDelegate.m */; };
		F6AB63B21AAC49360049A371 /* ViewController.m in Sources */ = {isa = PBXBuildFile; fileRef = F6AB63B11AAC49360049A371 /* ViewController.m */; };
		F6AB63B51AAC49360049A371 /* Main.storyboard in Resources */ = {isa = PBXBuildFile; fileRef = F6AB63B31AAC49360049A371 /* Main.storyboard */; };
		F6AB63B71AAC49370049A371 /* Images.xcassets in Resources */ = {isa = PBXBuildFile; fileRef = F6AB63B61AAC49370049A371 /* Images.xcassets */; };
		F6AB63BA1AAC49370049A371 /* LaunchScreen.xib in Resources */ = {isa = PBXBuildFile; fileRef = F6AB63B81AAC49370049A371 /* LaunchScreen.xib */; };
		F6AB63C61AAC49370049A371 /* RGLAlertViewTests.m in Sources */ = {isa = PBXBuildFile; fileRef = F6AB63C51AAC49370049A371 /* RGLAlertViewTests.m */; };
		F6AB63D11AAC666D0049A371 /* RGLAlertView.m in Sources */ = {isa = PBXBuildFile; fileRef = F6AB63D01AAC666D0049A371 /* RGLAlertView.m */; };
/* End PBXBuildFile section */

/* Begin PBXContainerItemProxy section */
		F6AB63C01AAC49370049A371 /* PBXContainerItemProxy */ = {
			isa = PBXContainerItemProxy;
			containerPortal = F6AB639E1AAC49360049A371 /* Project object */;
			proxyType = 1;
			remoteGlobalIDString = F6AB63A51AAC49360049A371;
			remoteInfo = RGLAlertView;
		};
/* End PBXContainerItemProxy section */

/* Begin PBXFileReference section */
		F6AB63A61AAC49360049A371 /* RGLAlertView.app */ = {isa = PBXFileReference; explicitFileType = wrapper.application; includeInIndex = 0; path = RGLAlertView.app; sourceTree = BUILT_PRODUCTS_DIR; };
		F6AB63AA1AAC49360049A371 /* Info.plist */ = {isa = PBXFileReference; lastKnownFileType = text.plist.xml; path = Info.plist; sourceTree = "<group>"; };
		F6AB63AB1AAC49360049A371 /* main.m */ = {isa = PBXFileReference; lastKnownFileType = sourcecode.c.objc; path = main.m; sourceTree = "<group>"; };
		F6AB63AD1AAC49360049A371 /* AppDelegate.h */ = {isa = PBXFileReference; lastKnownFileType = sourcecode.c.h; path = AppDelegate.h; sourceTree = "<group>"; };
		F6AB63AE1AAC49360049A371 /* AppDelegate.m */ = {isa = PBXFileReference; lastKnownFileType = sourcecode.c.objc; path = AppDelegate.m; sourceTree = "<group>"; };
		F6AB63B01AAC49360049A371 /* ViewController.h */ = {isa = PBXFileReference; lastKnownFileType = sourcecode.c.h; path = ViewController.h; sourceTree = "<group>"; };
		F6AB63B11AAC49360049A371 /* ViewController.m */ = {isa = PBXFileReference; lastKnownFileType = sourcecode.c.objc; path = ViewController.m; sourceTree = "<group>"; };
		F6AB63B41AAC49360049A371 /* Base */ = {isa = PBXFileReference; lastKnownFileType = file.storyboard; name = Base; path = Base.lproj/Main.storyboard; sourceTree = "<group>"; };
		F6AB63B61AAC49370049A371 /* Images.xcassets */ = {isa = PBXFileReference; lastKnownFileType = folder.assetcatalog; path = Images.xcassets; sourceTree = "<group>"; };
		F6AB63B91AAC49370049A371 /* Base */ = {isa = PBXFileReference; lastKnownFileType = file.xib; name = Base; path = Base.lproj/LaunchScreen.xib; sourceTree = "<group>"; };
		F6AB63BF1AAC49370049A371 /* RGLAlertViewTests.xctest */ = {isa = PBXFileReference; explicitFileType = wrapper.cfbundle; includeInIndex = 0; path = RGLAlertViewTests.xctest; sourceTree = BUILT_PRODUCTS_DIR; };
		F6AB63C41AAC49370049A371 /* Info.plist */ = {isa = PBXFileReference; lastKnownFileType = text.plist.xml; path = Info.plist; sourceTree = "<group>"; };
		F6AB63C51AAC49370049A371 /* RGLAlertViewTests.m */ = {isa = PBXFileReference; lastKnownFileType = sourcecode.c.objc; path = RGLAlertViewTests.m; sourceTree = "<group>"; };
		F6AB63CF1AAC666D0049A371 /* RGLAlertView.h */ = {isa = PBXFileReference; fileEncoding = 4; lastKnownFileType = sourcecode.c.h; path = RGLAlertView.h; sourceTree = "<group>"; };
		F6AB63D01AAC666D0049A371 /* RGLAlertView.m */ = {isa = PBXFileReference; fileEncoding = 4; lastKnownFileType = sourcecode.c.objc; path = RGLAlertView.m; sourceTree = "<group>"; };
/* End PBXFileReference section */

/* Begin PBXFrameworksBuildPhase section */
		F6AB63A31AAC49360049A371 /* Frameworks */ = {
			isa = PBXFrameworksBuildPhase;
			buildActionMask = 2147483647;
			files = (
			);
			runOnlyForDeploymentPostprocessing = 0;
		};
		F6AB63BC1AAC49370049A371 /* Frameworks */ = {
			isa = PBXFrameworksBuildPhase;
			buildActionMask = 2147483647;
			files = (
			);
			runOnlyForDeploymentPostprocessing = 0;
		};
/* End PBXFrameworksBuildPhase section */

/* Begin PBXGroup section */
		F6AB639D1AAC49360049A371 = {
			isa = PBXGroup;
			children = (
				F6AB63A81AAC49360049A371 /* RGLAlertView */,
				F6AB63C21AAC49370049A371 /* RGLAlertViewTests */,
				F6AB63A71AAC49360049A371 /* Products */,
			);
			sourceTree = "<group>";
		};
		F6AB63A71AAC49360049A371 /* Products */ = {
			isa = PBXGroup;
			children = (
				F6AB63A61AAC49360049A371 /* RGLAlertView.app */,
				F6AB63BF1AAC49370049A371 /* RGLAlertViewTests.xctest */,
			);
			name = Products;
			sourceTree = "<group>";
		};
		F6AB63A81AAC49360049A371 /* RGLAlertView */ = {
			isa = PBXGroup;
			children = (
				F6AB63B01AAC49360049A371 /* ViewController.h */,
				F6AB63B11AAC49360049A371 /* ViewController.m */,
				F6AB63CF1AAC666D0049A371 /* RGLAlertView.h */,
				F6AB63D01AAC666D0049A371 /* RGLAlertView.m */,
				F6AB63B61AAC49370049A371 /* Images.xcassets */,
				F6AB63A91AAC49360049A371 /* Supporting Files */,
			);
			path = RGLAlertView;
			sourceTree = "<group>";
		};
		F6AB63A91AAC49360049A371 /* Supporting Files */ = {
			isa = PBXGroup;
			children = (
				F6AB63AD1AAC49360049A371 /* AppDelegate.h */,
				F6AB63AE1AAC49360049A371 /* AppDelegate.m */,
				F6AB63B81AAC49370049A371 /* LaunchScreen.xib */,
				F6AB63B31AAC49360049A371 /* Main.storyboard */,
				F6AB63AA1AAC49360049A371 /* Info.plist */,
				F6AB63AB1AAC49360049A371 /* main.m */,
			);
			name = "Supporting Files";
			sourceTree = "<group>";
		};
		F6AB63C21AAC49370049A371 /* RGLAlertViewTests */ = {
			isa = PBXGroup;
			children = (
				F6AB63C51AAC49370049A371 /* RGLAlertViewTests.m */,
				F6AB63C31AAC49370049A371 /* Supporting Files */,
			);
			path = RGLAlertViewTests;
			sourceTree = "<group>";
		};
		F6AB63C31AAC49370049A371 /* Supporting Files */ = {
			isa = PBXGroup;
			children = (
				F6AB63C41AAC49370049A371 /* Info.plist */,
			);
			name = "Supporting Files";
			sourceTree = "<group>";
		};
/* End PBXGroup section */

/* Begin PBXNativeTarget section */
		F6AB63A51AAC49360049A371 /* RGLAlertView */ = {
			isa = PBXNativeTarget;
			buildConfigurationList = F6AB63C91AAC49370049A371 /* Build configuration list for PBXNativeTarget "RGLAlertView" */;
			buildPhases = (
				F6AB63A21AAC49360049A371 /* Sources */,
				F6AB63A31AAC49360049A371 /* Frameworks */,
				F6AB63A41AAC49360049A371 /* Resources */,
			);
			buildRules = (
			);
			dependencies = (
			);
			name = RGLAlertView;
			productName = RGLAlertView;
			productReference = F6AB63A61AAC49360049A371 /* RGLAlertView.app */;
			productType = "com.apple.product-type.application";
		};
		F6AB63BE1AAC49370049A371 /* RGLAlertViewTests */ = {
			isa = PBXNativeTarget;
			buildConfigurationList = F6AB63CC1AAC49370049A371 /* Build configuration list for PBXNativeTarget "RGLAlertViewTests" */;
			buildPhases = (
				F6AB63BB1AAC49370049A371 /* Sources */,
				F6AB63BC1AAC49370049A371 /* Frameworks */,
				F6AB63BD1AAC49370049A371 /* Resources */,
			);
			buildRules = (
			);
			dependencies = (
				F6AB63C11AAC49370049A371 /* PBXTargetDependency */,
			);
			name = RGLAlertViewTests;
			productName = RGLAlertViewTests;
			productReference = F6AB63BF1AAC49370049A371 /* RGLAlertViewTests.xctest */;
			productType = "com.apple.product-type.bundle.unit-test";
		};
/* End PBXNativeTarget section */

/* Begin PBXProject section */
		F6AB639E1AAC49360049A371 /* Project object */ = {
			isa = PBXProject;
			attributes = {
				LastUpgradeCheck = 0610;
				ORGANIZATIONNAME = "Ramon Gilabert";
				TargetAttributes = {
					F6AB63A51AAC49360049A371 = {
						CreatedOnToolsVersion = 6.1.1;
					};
					F6AB63BE1AAC49370049A371 = {
						CreatedOnToolsVersion = 6.1.1;
						TestTargetID = F6AB63A51AAC49360049A371;
					};
				};
			};
			buildConfigurationList = F6AB63A11AAC49360049A371 /* Build configuration list for PBXProject "RGLAlertView" */;
			compatibilityVersion = "Xcode 3.2";
			developmentRegion = English;
			hasScannedForEncodings = 0;
			knownRegions = (
				en,
				Base,
			);
			mainGroup = F6AB639D1AAC49360049A371;
			productRefGroup = F6AB63A71AAC49360049A371 /* Products */;
			projectDirPath = "";
			projectRoot = "";
			targets = (
				F6AB63A51AAC49360049A371 /* RGLAlertView */,
				F6AB63BE1AAC49370049A371 /* RGLAlertViewTests */,
			);
		};
/* End PBXProject section */

/* Begin PBXResourcesBuildPhase section */
		F6AB63A41AAC49360049A371 /* Resources */ = {
			isa = PBXResourcesBuildPhase;
			buildActionMask = 2147483647;
			files = (
				F6AB63B51AAC49360049A371 /* Main.storyboard in Resources */,
				F6AB63BA1AAC49370049A371 /* LaunchScreen.xib in Resources */,
				F6AB63B71AAC49370049A371 /* Images.xcassets in Resources */,
			);
			runOnlyForDeploymentPostprocessing = 0;
		};
		F6AB63BD1AAC49370049A371 /* Resources */ = {
			isa = PBXResourcesBuildPhase;
			buildActionMask = 2147483647;
			files = (
			);
			runOnlyForDeploymentPostprocessing = 0;
		};
/* End PBXResourcesBuildPhase section */

/* Begin PBXSourcesBuildPhase section */
		F6AB63A21AAC49360049A371 /* Sources */ = {
			isa = PBXSourcesBuildPhase;
			buildActionMask = 2147483647;
			files = (
				F6AB63B21AAC49360049A371 /* ViewController.m in Sources */,
				F6AB63D11AAC666D0049A371 /* RGLAlertView.m in Sources */,
				F6AB63AF1AAC49360049A371 /* AppDelegate.m in Sources */,
				F6AB63AC1AAC49360049A371 /* main.m in Sources */,
			);
			runOnlyForDeploymentPostprocessing = 0;
		};
		F6AB63BB1AAC49370049A371 /* Sources */ = {
			isa = PBXSourcesBuildPhase;
			buildActionMask = 2147483647;
			files = (
				F6AB63C61AAC49370049A371 /* RGLAlertViewTests.m in Sources */,
			);
			runOnlyForDeploymentPostprocessing = 0;
		};
/* End PBXSourcesBuildPhase section */

/* Begin PBXTargetDependency section */
		F6AB63C11AAC49370049A371 /* PBXTargetDependency */ = {
			isa = PBXTargetDependency;
			target = F6AB63A51AAC49360049A371 /* RGLAlertView */;
			targetProxy = F6AB63C01AAC49370049A371 /* PBXContainerItemProxy */;
		};
/* End PBXTargetDependency section */

/* Begin PBXVariantGroup section */
		F6AB63B31AAC49360049A371 /* Main.storyboard */ = {
			isa = PBXVariantGroup;
			children = (
				F6AB63B41AAC49360049A371 /* Base */,
			);
			name = Main.storyboard;
			sourceTree = "<group>";
		};
		F6AB63B81AAC49370049A371 /* LaunchScreen.xib */ = {
			isa = PBXVariantGroup;
			children = (
				F6AB63B91AAC49370049A371 /* Base */,
			);
			name = LaunchScreen.xib;
			sourceTree = "<group>";
		};
/* End PBXVariantGroup section */

/* Begin XCBuildConfiguration section */
		F6AB63C71AAC49370049A371 /* Debug */ = {
			isa = XCBuildConfiguration;
			buildSettings = {
				ALWAYS_SEARCH_USER_PATHS = NO;
				CLANG_CXX_LANGUAGE_STANDARD = "gnu++0x";
				CLANG_CXX_LIBRARY = "libc++";
				CLANG_ENABLE_MODULES = YES;
				CLANG_ENABLE_OBJC_ARC = YES;
				CLANG_WARN_BOOL_CONVERSION = YES;
				CLANG_WARN_CONSTANT_CONVERSION = YES;
				CLANG_WARN_DIRECT_OBJC_ISA_USAGE = YES_ERROR;
				CLANG_WARN_EMPTY_BODY = YES;
				CLANG_WARN_ENUM_CONVERSION = YES;
				CLANG_WARN_INT_CONVERSION = YES;
				CLANG_WARN_OBJC_ROOT_CLASS = YES_ERROR;
				CLANG_WARN_UNREACHABLE_CODE = YES;
				CLANG_WARN__DUPLICATE_METHOD_MATCH = YES;
				"CODE_SIGN_IDENTITY[sdk=iphoneos*]" = "iPhone Developer";
				COPY_PHASE_STRIP = NO;
				ENABLE_STRICT_OBJC_MSGSEND = YES;
				GCC_C_LANGUAGE_STANDARD = gnu99;
				GCC_DYNAMIC_NO_PIC = NO;
				GCC_OPTIMIZATION_LEVEL = 0;
				GCC_PREPROCESSOR_DEFINITIONS = (
					"DEBUG=1",
					"$(inherited)",
				);
				GCC_SYMBOLS_PRIVATE_EXTERN = NO;
				GCC_WARN_64_TO_32_BIT_CONVERSION = YES;
				GCC_WARN_ABOUT_RETURN_TYPE = YES_ERROR;
				GCC_WARN_UNDECLARED_SELECTOR = YES;
				GCC_WARN_UNINITIALIZED_AUTOS = YES_AGGRESSIVE;
				GCC_WARN_UNUSED_FUNCTION = YES;
				GCC_WARN_UNUSED_VARIABLE = YES;
				IPHONEOS_DEPLOYMENT_TARGET = 8.1;
				MTL_ENABLE_DEBUG_INFO = YES;
				ONLY_ACTIVE_ARCH = YES;
				SDKROOT = iphoneos;
			};
			name = Debug;
		};
		F6AB63C81AAC49370049A371 /* Release */ = {
			isa = XCBuildConfiguration;
			buildSettings = {
				ALWAYS_SEARCH_USER_PATHS = NO;
				CLANG_CXX_LANGUAGE_STANDARD = "gnu++0x";
				CLANG_CXX_LIBRARY = "libc++";
				CLANG_ENABLE_MODULES = YES;
				CLANG_ENABLE_OBJC_ARC = YES;
				CLANG_WARN_BOOL_CONVERSION = YES;
				CLANG_WARN_CONSTANT_CONVERSION = YES;
				CLANG_WARN_DIRECT_OBJC_ISA_USAGE = YES_ERROR;
				CLANG_WARN_EMPTY_BODY = YES;
				CLANG_WARN_ENUM_CONVERSION = YES;
				CLANG_WARN_INT_CONVERSION = YES;
				CLANG_WARN_OBJC_ROOT_CLASS = YES_ERROR;
				CLANG_WARN_UNREACHABLE_CODE = YES;
				CLANG_WARN__DUPLICATE_METHOD_MATCH = YES;
				"CODE_SIGN_IDENTITY[sdk=iphoneos*]" = "iPhone Developer";
				COPY_PHASE_STRIP = YES;
				ENABLE_NS_ASSERTIONS = NO;
				ENABLE_STRICT_OBJC_MSGSEND = YES;
				GCC_C_LANGUAGE_STANDARD = gnu99;
				GCC_WARN_64_TO_32_BIT_CONVERSION = YES;
				GCC_WARN_ABOUT_RETURN_TYPE = YES_ERROR;
				GCC_WARN_UNDECLARED_SELECTOR = YES;
				GCC_WARN_UNINITIALIZED_AUTOS = YES_AGGRESSIVE;
				GCC_WARN_UNUSED_FUNCTION = YES;
				GCC_WARN_UNUSED_VARIABLE = YES;
				IPHONEOS_DEPLOYMENT_TARGET = 8.1;
				MTL_ENABLE_DEBUG_INFO = NO;
				SDKROOT = iphoneos;
				VALIDATE_PRODUCT = YES;
			};
			name = Release;
		};
		F6AB63CA1AAC49370049A371 /* Debug */ = {
			isa = XCBuildConfiguration;
			buildSettings = {
				ASSETCATALOG_COMPILER_APPICON_NAME = AppIcon;
				INFOPLIST_FILE = RGLAlertView/Info.plist;
				LD_RUNPATH_SEARCH_PATHS = "$(inherited) @executable_path/Frameworks";
				PRODUCT_NAME = "$(TARGET_NAME)";
			};
			name = Debug;
		};
		F6AB63CB1AAC49370049A371 /* Release */ = {
			isa = XCBuildConfiguration;
			buildSettings = {
				ASSETCATALOG_COMPILER_APPICON_NAME = AppIcon;
				INFOPLIST_FILE = RGLAlertView/Info.plist;
				LD_RUNPATH_SEARCH_PATHS = "$(inherited) @executable_path/Frameworks";
				PRODUCT_NAME = "$(TARGET_NAME)";
			};
			name = Release;
		};
		F6AB63CD1AAC49370049A371 /* Debug */ = {
			isa = XCBuildConfiguration;
			buildSettings = {
				BUNDLE_LOADER = "$(TEST_HOST)";
				FRAMEWORK_SEARCH_PATHS = (
					"$(SDKROOT)/Developer/Library/Frameworks",
					"$(inherited)",
				);
				GCC_PREPROCESSOR_DEFINITIONS = (
					"DEBUG=1",
					"$(inherited)",
				);
				INFOPLIST_FILE = RGLAlertViewTests/Info.plist;
				LD_RUNPATH_SEARCH_PATHS = "$(inherited) @executable_path/Frameworks @loader_path/Frameworks";
				PRODUCT_NAME = "$(TARGET_NAME)";
				TEST_HOST = "$(BUILT_PRODUCTS_DIR)/RGLAlertView.app/RGLAlertView";
			};
			name = Debug;
		};
		F6AB63CE1AAC49370049A371 /* Release */ = {
			isa = XCBuildConfiguration;
			buildSettings = {
				BUNDLE_LOADER = "$(TEST_HOST)";
				FRAMEWORK_SEARCH_PATHS = (
					"$(SDKROOT)/Developer/Library/Frameworks",
					"$(inherited)",
				);
				INFOPLIST_FILE = RGLAlertViewTests/Info.plist;
				LD_RUNPATH_SEARCH_PATHS = "$(inherited) @executable_path/Frameworks @loader_path/Frameworks";
				PRODUCT_NAME = "$(TARGET_NAME)";
				TEST_HOST = "$(BUILT_PRODUCTS_DIR)/RGLAlertView.app/RGLAlertView";
			};
			name = Release;
		};
/* End XCBuildConfiguration section */

/* Begin XCConfigurationList section */
		F6AB63A11AAC49360049A371 /* Build configuration list for PBXProject "RGLAlertView" */ = {
			isa = XCConfigurationList;
			buildConfigurations = (
				F6AB63C71AAC49370049A371 /* Debug */,
				F6AB63C81AAC49370049A371 /* Release */,
			);
			defaultConfigurationIsVisible = 0;
			defaultConfigurationName = Release;
		};
		F6AB63C91AAC49370049A371 /* Build configuration list for PBXNativeTarget "RGLAlertView" */ = {
			isa = XCConfigurationList;
			buildConfigurations = (
				F6AB63CA1AAC49370049A371 /* Debug */,
				F6AB63CB1AAC49370049A371 /* Release */,
			);
			defaultConfigurationIsVisible = 0;
			defaultConfigurationName = Release;
		};
		F6AB63CC1AAC49370049A371 /* Build configuration list for PBXNativeTarget "RGLAlertViewTests" */ = {
			isa = XCConfigurationList;
			buildConfigurations = (
				F6AB63CD1AAC49370049A371 /* Debug */,
				F6AB63CE1AAC49370049A371 /* Release */,
			);
			defaultConfigurationIsVisible = 0;
			defaultConfigurationName = Release;
		};
/* End XCConfigurationList section */
	};
	rootObject = F6AB639E1AAC49360049A371 /* Project object */;
}
